
Microsoft Visual Studio Solution File, Format Version 12.00
# Visual Studio Version 17
VisualStudioVersion = 17.0.31912.275
MinimumVisualStudioVersion = 10.0.40219.1
Project("{FAE04EC0-301F-11D3-BF4B-00C04F79EFBC}") = "car racing", "car racing\car racing.csproj", "{5CAC47AB-AAFE-411C-BDFF-2481785FBE40}"
EndProject
Global
	GlobalSection(SolutionConfigurationPlatforms) = preSolution
		Debug|Any CPU = Debug|Any CPU
		Release|Any CPU = Release|Any CPU
	EndGlobalSection
	GlobalSection(ProjectConfigurationPlatforms) = postSolution
		{5CAC47AB-AAFE-411C-BDFF-2481785FBE40}.Debug|Any CPU.ActiveCfg = Debug|Any CPU
		{5CAC47AB-AAFE-411C-BDFF-2481785FBE40}.Debug|Any CPU.Build.0 = Debug|Any CPU
		{5CAC47AB-AAFE-411C-BDFF-2481785FBE40}.Release|Any CPU.ActiveCfg = Release|Any CPU
		{5CAC47AB-AAFE-411C-BDFF-2481785FBE40}.Release|Any CPU.Build.0 = Release|Any CPU
	EndGlobalSection
	GlobalSection(SolutionProperties) = preSolution
		HideSolutionNode = FALSE
	EndGlobalSection
	GlobalSection(ExtensibilityGlobals) = postSolution
		SolutionGuid = {63BA64BE-522A-4389-B26C-759D9D0E630C}
	EndGlobalSection
EndGlobal
